# This file is generated by running "yarn install" inside your project.
# Manual changes might be lost - proceed with caution!

__metadata:
  version: 5
  cacheKey: 8

"@babel/runtime@npm:^7.9.2":
  version: 7.16.5
  resolution: "@babel/runtime@npm:7.16.5"
  dependencies:
    regenerator-runtime: ^0.13.4
  checksum: b96e67280efe581c6147b4fe984dfe08a8fbea048934a092f3cbf4dcf61725f6b221cb0c879b6e6e98671f83a104c9e8cfbd24c683e5ebcc886a731aa8984ad0
  languageName: node
  linkType: hard

"@reduxjs/toolkit@npm:^1.7.1":
  version: 1.7.1
  resolution: "@reduxjs/toolkit@npm:1.7.1"
  dependencies:
    immer: ^9.0.7
    redux: ^4.1.2
    redux-thunk: ^2.4.1
    reselect: ^4.1.5
  peerDependencies:
    react: ^16.9.0 || ^17.0.0 || 18.0.0-beta
    react-redux: ^7.2.1 || ^8.0.0-beta
  peerDependenciesMeta:
    react:
      optional: true
    react-redux:
      optional: true
  checksum: 77e027b9480e83e503509863eb6480ffae7766180c0e746c3a055df4571ebf1dd1cd9f2323399edea6e6cb3be86c7394218a75d8e3f25be3f9c1d67b596ee381
  languageName: node
  linkType: hard

"immer@npm:^9.0.7":
  version: 9.0.7
  resolution: "immer@npm:9.0.7"
  checksum: 3655ad64bf5ab5adf2854f7d2a9ad543f2cd995fcd169b6f10294f41fdb2cbcbd44d8beaa3e01b3c0b6149001190e57f6ab2cd735e6a929780b7462f2e973c9b
  languageName: node
  linkType: hard

"redux-thunk@npm:^2.4.1":
  version: 2.4.1
  resolution: "redux-thunk@npm:2.4.1"
  peerDependencies:
    redux: ^4
  checksum: af5abb425fb9dccda02e5f387d6f3003997f62d906542a3d35fc9420088f550dc1a018bdc246c7d23ee852b4d4ab8b5c64c5be426e45a328d791c4586a3c6b6e
  languageName: node
  linkType: hard

"redux@npm:^4.1.2":
  version: 4.1.2
  resolution: "redux@npm:4.1.2"
  dependencies:
    "@babel/runtime": ^7.9.2
  checksum: 6a839cee5bd580c5298d968e9e2302150e961318253819bcd97f9d945a5a409559eacddf6026f4118bb68b681c593d90e8a2c5bbf278f014aff9bf0d2d8fa084
  languageName: node
  linkType: hard

"regenerator-runtime@npm:^0.13.4":
  version: 0.13.9
  resolution: "regenerator-runtime@npm:0.13.9"
  checksum: 65ed455fe5afd799e2897baf691ca21c2772e1a969d19bb0c4695757c2d96249eb74ee3553ea34a91062b2a676beedf630b4c1551cc6299afb937be1426ec55e
  languageName: node
  linkType: hard

"reselect@npm:^4.1.5":
  version: 4.1.5
  resolution: "reselect@npm:4.1.5"
  checksum: 54c13c1e795b2ea70cba8384138aebe78adda00cbea303cc94b64da0a70d74c896cc9a03115ae38b8bff990e7a60dcd6452ab68cbec01b0b38c1afda70714cf0
  languageName: node
  linkType: hard

"rtk-add-matcher-repro@workspace:.":
  version: 0.0.0-use.local
  resolution: "rtk-add-matcher-repro@workspace:."
  dependencies:
    "@reduxjs/toolkit": ^1.7.1
    typescript: ^4.5.4
  languageName: unknown
  linkType: soft

"typescript@npm:^4.5.4":
  version: 4.5.4
  resolution: "typescript@npm:4.5.4"
  bin:
    tsc: bin/tsc
    tsserver: bin/tsserver
  checksum: 59f3243f9cd6fe3161e6150ff6bf795fc843b4234a655dbd938a310515e0d61afd1ac942799e7415e4334255e41c2c49b7dd5d9fd38a17acd25a6779ca7e0961
  languageName: node
  linkType: hard

"typescript@patch:typescript@^4.5.4#~builtin<compat/typescript>":
  version: 4.5.4
  resolution: "typescript@patch:typescript@npm%3A4.5.4#~builtin<compat/typescript>::version=4.5.4&hash=493e53"
  bin:
    tsc: bin/tsc
    tsserver: bin/tsserver
  checksum: 2e488dde7d2c4a2fa2e79cf2470600f8ce81bc0563c276b72df8ff412d74456ae532ba824650ae936ce207440c79720ddcfaa25e3cb4477572b8534fa4e34d49
  languageName: node
  linkType: hard
